
Microsoft Visual Studio Solution File, Format Version 12.00
# Visual Studio Version 16
VisualStudioVersion = 16.0.31410.357
MinimumVisualStudioVersion = 10.0.40219.1
Project("{FAE04EC0-301F-11D3-BF4B-00C04F79EFBC}") = "CursoWindowsForms", "CursoWindowsForms\CursoWindowsForms.csproj", "{81309D31-79E5-4D0A-9626-88195B8ADC6E}"
EndProject
Global
	GlobalSection(SolutionConfigurationPlatforms) = preSolution
		Debug|Any CPU = Debug|Any CPU
		Release|Any CPU = Release|Any CPU
	EndGlobalSection
	GlobalSection(ProjectConfigurationPlatforms) = postSolution
		{81309D31-79E5-4D0A-9626-88195B8ADC6E}.Debug|Any CPU.ActiveCfg = Debug|Any CPU
		{81309D31-79E5-4D0A-9626-88195B8ADC6E}.Debug|Any CPU.Build.0 = Debug|Any CPU
		{81309D31-79E5-4D0A-9626-88195B8ADC6E}.Release|Any CPU.ActiveCfg = Release|Any CPU
		{81309D31-79E5-4D0A-9626-88195B8ADC6E}.Release|Any CPU.Build.0 = Release|Any CPU
	EndGlobalSection
	GlobalSection(SolutionProperties) = preSolution
		HideSolutionNode = FALSE
	EndGlobalSection
	GlobalSection(ExtensibilityGlobals) = postSolution
		SolutionGuid = {438B7C7E-238B-4FA7-BED0-5E609F480F45}
	EndGlobalSection
EndGlobal
